
Microsoft Visual Studio Solution File, Format Version 12.00
# Visual Studio Version 17
VisualStudioVersion = 17.5.33530.505
MinimumVisualStudioVersion = 10.0.40219.1
Project("{FAE04EC0-301F-11D3-BF4B-00C04F79EFBC}") = "лаба 1", "лаба 1\лаба 1.csproj", "{092477DB-0829-4034-A16A-86583E4F2247}"
EndProject
Global
	GlobalSection(SolutionConfigurationPlatforms) = preSolution
		Debug|Any CPU = Debug|Any CPU
		Release|Any CPU = Release|Any CPU
	EndGlobalSection
	GlobalSection(ProjectConfigurationPlatforms) = postSolution
		{092477DB-0829-4034-A16A-86583E4F2247}.Debug|Any CPU.ActiveCfg = Debug|Any CPU
		{092477DB-0829-4034-A16A-86583E4F2247}.Debug|Any CPU.Build.0 = Debug|Any CPU
		{092477DB-0829-4034-A16A-86583E4F2247}.Release|Any CPU.ActiveCfg = Release|Any CPU
		{092477DB-0829-4034-A16A-86583E4F2247}.Release|Any CPU.Build.0 = Release|Any CPU
	EndGlobalSection
	GlobalSection(SolutionProperties) = preSolution
		HideSolutionNode = FALSE
	EndGlobalSection
	GlobalSection(ExtensibilityGlobals) = postSolution
		SolutionGuid = {01135E16-FF07-4DA8-B6BC-16383A84B029}
	EndGlobalSection
EndGlobal
